
Microsoft Visual Studio Solution File, Format Version 12.00
# Visual Studio 15
VisualStudioVersion = 15.0.28307.329
MinimumVisualStudioVersion = 10.0.40219.1
Project("{FAE04EC0-301F-11D3-BF4B-00C04F79EFBC}") = "TiposControles.Android", "TiposControles\TiposControles.Android\TiposControles.Android.csproj", "{058010BE-CD5F-4AF1-97EA-DE0E51F6DFE8}"
EndProject
Project("{FAE04EC0-301F-11D3-BF4B-00C04F79EFBC}") = "TiposControles.iOS", "TiposControles\TiposControles.iOS\TiposControles.iOS.csproj", "{D08B1252-F60D-40D8-A45C-B6F4E8B96AC0}"
EndProject
Project("{FAE04EC0-301F-11D3-BF4B-00C04F79EFBC}") = "TiposControles.UWP", "TiposControles\TiposControles.UWP\TiposControles.UWP.csproj", "{F2315EE4-D398-4C99-BF38-F9E6D252003A}"
EndProject
Project("{FAE04EC0-301F-11D3-BF4B-00C04F79EFBC}") = "TiposControles", "TiposControles\TiposControles\TiposControles.csproj", "{FD0FBD0C-3D54-42FA-9A7B-DD1798E3C644}"
EndProject
Global
	GlobalSection(SolutionConfigurationPlatforms) = preSolution
		Ad-Hoc|Any CPU = Ad-Hoc|Any CPU
		Ad-Hoc|ARM = Ad-Hoc|ARM
		Ad-Hoc|iPhone = Ad-Hoc|iPhone
		Ad-Hoc|iPhoneSimulator = Ad-Hoc|iPhoneSimulator
		Ad-Hoc|x64 = Ad-Hoc|x64
		Ad-Hoc|x86 = Ad-Hoc|x86
		AppStore|Any CPU = AppStore|Any CPU
		AppStore|ARM = AppStore|ARM
		AppStore|iPhone = AppStore|iPhone
		AppStore|iPhoneSimulator = AppStore|iPhoneSimulator
		AppStore|x64 = AppStore|x64
		AppStore|x86 = AppStore|x86
		Debug|Any CPU = Debug|Any CPU
		Debug|ARM = Debug|ARM
		Debug|iPhone = Debug|iPhone
		Debug|iPhoneSimulator = Debug|iPhoneSimulator
		Debug|x64 = Debug|x64
		Debug|x86 = Debug|x86
		Release|Any CPU = Release|Any CPU
		Release|ARM = Release|ARM
		Release|iPhone = Release|iPhone
		Release|iPhoneSimulator = Release|iPhoneSimulator
		Release|x64 = Release|x64
		Release|x86 = Release|x86
	EndGlobalSection
	GlobalSection(ProjectConfigurationPlatforms) = postSolution
		{058010BE-CD5F-4AF1-97EA-DE0E51F6DFE8}.Ad-Hoc|Any CPU.ActiveCfg = Release|Any CPU
		{058010BE-CD5F-4AF1-97EA-DE0E51F6DFE8}.Ad-Hoc|Any CPU.Build.0 = Release|Any CPU
		{058010BE-CD5F-4AF1-97EA-DE0E51F6DFE8}.Ad-Hoc|Any CPU.Deploy.0 = Release|Any CPU
		{058010BE-CD5F-4AF1-97EA-DE0E51F6DFE8}.Ad-Hoc|ARM.ActiveCfg = Release|Any CPU
		{058010BE-CD5F-4AF1-97EA-DE0E51F6DFE8}.Ad-Hoc|ARM.Build.0 = Release|Any CPU
		{058010BE-CD5F-4AF1-97EA-DE0E51F6DFE8}.Ad-Hoc|ARM.Deploy.0 = Release|Any CPU
		{058010BE-CD5F-4AF1-97EA-DE0E51F6DFE8}.Ad-Hoc|iPhone.ActiveCfg = Release|Any CPU
		{058010BE-CD5F-4AF1-97EA-DE0E51F6DFE8}.Ad-Hoc|iPhone.Build.0 = Release|Any CPU
		{058010BE-CD5F-4AF1-97EA-DE0E51F6DFE8}.Ad-Hoc|iPhone.Deploy.0 = Release|Any CPU
		{058010BE-CD5F-4AF1-97EA-DE0E51F6DFE8}.Ad-Hoc|iPhoneSimulator.ActiveCfg = Release|Any CPU
		{058010BE-CD5F-4AF1-97EA-DE0E51F6DFE8}.Ad-Hoc|iPhoneSimulator.Build.0 = Release|Any CPU
		{058010BE-CD5F-4AF1-97EA-DE0E51F6DFE8}.Ad-Hoc|iPhoneSimulator.Deploy.0 = Release|Any CPU
		{058010BE-CD5F-4AF1-97EA-DE0E51F6DFE8}.Ad-Hoc|x64.ActiveCfg = Release|Any CPU
		{058010BE-CD5F-4AF1-97EA-DE0E51F6DFE8}.Ad-Hoc|x64.Build.0 = Release|Any CPU
		{058010BE-CD5F-4AF1-97EA-DE0E51F6DFE8}.Ad-Hoc|x64.Deploy.0 = Release|Any CPU
		{058010BE-CD5F-4AF1-97EA-DE0E51F6DFE8}.Ad-Hoc|x86.ActiveCfg = Release|Any CPU
		{058010BE-CD5F-4AF1-97EA-DE0E51F6DFE8}.Ad-Hoc|x86.Build.0 = Release|Any CPU
		{058010BE-CD5F-4AF1-97EA-DE0E51F6DFE8}.Ad-Hoc|x86.Deploy.0 = Release|Any CPU
		{058010BE-CD5F-4AF1-97EA-DE0E51F6DFE8}.AppStore|Any CPU.ActiveCfg = Release|Any CPU
		{058010BE-CD5F-4AF1-97EA-DE0E51F6DFE8}.AppStore|Any CPU.Build.0 = Release|Any CPU
		{058010BE-CD5F-4AF1-97EA-DE0E51F6DFE8}.AppStore|Any CPU.Deploy.0 = Release|Any CPU
		{058010BE-CD5F-4AF1-97EA-DE0E51F6DFE8}.AppStore|ARM.ActiveCfg = Release|Any CPU
		{058010BE-CD5F-4AF1-97EA-DE0E51F6DFE8}.AppStore|ARM.Build.0 = Release|Any CPU
		{058010BE-CD5F-4AF1-97EA-DE0E51F6DFE8}.AppStore|ARM.Deploy.0 = Release|Any CPU
		{058010BE-CD5F-4AF1-97EA-DE0E51F6DFE8}.AppStore|iPhone.ActiveCfg = Release|Any CPU
		{058010BE-CD5F-4AF1-97EA-DE0E51F6DFE8}.AppStore|iPhone.Build.0 = Release|Any CPU
		{058010BE-CD5F-4AF1-97EA-DE0E51F6DFE8}.AppStore|iPhone.Deploy.0 = Release|Any CPU
		{058010BE-CD5F-4AF1-97EA-DE0E51F6DFE8}.AppStore|iPhoneSimulator.ActiveCfg = Release|Any CPU
		{058010BE-CD5F-4AF1-97EA-DE0E51F6DFE8}.AppStore|iPhoneSimulator.Build.0 = Release|Any CPU
		{058010BE-CD5F-4AF1-97EA-DE0E51F6DFE8}.AppStore|iPhoneSimulator.Deploy.0 = Release|Any CPU
		{058010BE-CD5F-4AF1-97EA-DE0E51F6DFE8}.AppStore|x64.ActiveCfg = Release|Any CPU
		{058010BE-CD5F-4AF1-97EA-DE0E51F6DFE8}.AppStore|x64.Build.0 = Release|Any CPU
		{058010BE-CD5F-4AF1-97EA-DE0E51F6DFE8}.AppStore|x64.Deploy.0 = Release|Any CPU
		{058010BE-CD5F-4AF1-97EA-DE0E51F6DFE8}.AppStore|x86.ActiveCfg = Release|Any CPU
		{058010BE-CD5F-4AF1-97EA-DE0E51F6DFE8}.AppStore|x86.Build.0 = Release|Any CPU
		{058010BE-CD5F-4AF1-97EA-DE0E51F6DFE8}.AppStore|x86.Deploy.0 = Release|Any CPU
		{058010BE-CD5F-4AF1-97EA-DE0E51F6DFE8}.Debug|Any CPU.ActiveCfg = Debug|Any CPU
		{058010BE-CD5F-4AF1-97EA-DE0E51F6DFE8}.Debug|Any CPU.Build.0 = Debug|Any CPU
		{058010BE-CD5F-4AF1-97EA-DE0E51F6DFE8}.Debug|Any CPU.Deploy.0 = Debug|Any CPU
		{058010BE-CD5F-4AF1-97EA-DE0E51F6DFE8}.Debug|ARM.ActiveCfg = Debug|Any CPU
		{058010BE-CD5F-4AF1-97EA-DE0E51F6DFE8}.Debug|ARM.Build.0 = Debug|Any CPU
		{058010BE-CD5F-4AF1-97EA-DE0E51F6DFE8}.Debug|ARM.Deploy.0 = Debug|Any CPU
		{058010BE-CD5F-4AF1-97EA-DE0E51F6DFE8}.Debug|iPhone.ActiveCfg = Debug|Any CPU
		{058010BE-CD5F-4AF1-97EA-DE0E51F6DFE8}.Debug|iPhone.Build.0 = Debug|Any CPU
		{058010BE-CD5F-4AF1-97EA-DE0E51F6DFE8}.Debug|iPhone.Deploy.0 = Debug|Any CPU
		{058010BE-CD5F-4AF1-97EA-DE0E51F6DFE8}.Debug|iPhoneSimulator.ActiveCfg = Debug|Any CPU
		{058010BE-CD5F-4AF1-97EA-DE0E51F6DFE8}.Debug|iPhoneSimulator.Build.0 = Debug|Any CPU
		{058010BE-CD5F-4AF1-97EA-DE0E51F6DFE8}.Debug|iPhoneSimulator.Deploy.0 = Debug|Any CPU
		{058010BE-CD5F-4AF1-97EA-DE0E51F6DFE8}.Debug|x64.ActiveCfg = Debug|Any CPU
		{058010BE-CD5F-4AF1-97EA-DE0E51F6DFE8}.Debug|x64.Build.0 = Debug|Any CPU
		{058010BE-CD5F-4AF1-97EA-DE0E51F6DFE8}.Debug|x64.Deploy.0 = Debug|Any CPU
		{058010BE-CD5F-4AF1-97EA-DE0E51F6DFE8}.Debug|x86.ActiveCfg = Debug|Any CPU
		{058010BE-CD5F-4AF1-97EA-DE0E51F6DFE8}.Debug|x86.Build.0 = Debug|Any CPU
		{058010BE-CD5F-4AF1-97EA-DE0E51F6DFE8}.Debug|x86.Deploy.0 = Debug|Any CPU
		{058010BE-CD5F-4AF1-97EA-DE0E51F6DFE8}.Release|Any CPU.ActiveCfg = Release|Any CPU
		{058010BE-CD5F-4AF1-97EA-DE0E51F6DFE8}.Release|Any CPU.Build.0 = Release|Any CPU
		{058010BE-CD5F-4AF1-97EA-DE0E51F6DFE8}.Release|Any CPU.Deploy.0 = Release|Any CPU
		{058010BE-CD5F-4AF1-97EA-DE0E51F6DFE8}.Release|ARM.ActiveCfg = Release|Any CPU
		{058010BE-CD5F-4AF1-97EA-DE0E51F6DFE8}.Release|ARM.Build.0 = Release|Any CPU
		{058010BE-CD5F-4AF1-97EA-DE0E51F6DFE8}.Release|ARM.Deploy.0 = Release|Any CPU
		{058010BE-CD5F-4AF1-97EA-DE0E51F6DFE8}.Release|iPhone.ActiveCfg = Release|Any CPU
		{058010BE-CD5F-4AF1-97EA-DE0E51F6DFE8}.Release|iPhone.Build.0 = Release|Any CPU
		{058010BE-CD5F-4AF1-97EA-DE0E51F6DFE8}.Release|iPhone.Deploy.0 = Release|Any CPU
		{058010BE-CD5F-4AF1-97EA-DE0E51F6DFE8}.Release|iPhoneSimulator.ActiveCfg = Release|Any CPU
		{058010BE-CD5F-4AF1-97EA-DE0E51F6DFE8}.Release|iPhoneSimulator.Build.0 = Release|Any CPU
		{058010BE-CD5F-4AF1-97EA-DE0E51F6DFE8}.Release|iPhoneSimulator.Deploy.0 = Release|Any CPU
		{058010BE-CD5F-4AF1-97EA-DE0E51F6DFE8}.Release|x64.ActiveCfg = Release|Any CPU
		{058010BE-CD5F-4AF1-97EA-DE0E51F6DFE8}.Release|x64.Build.0 = Release|Any CPU
		{058010BE-CD5F-4AF1-97EA-DE0E51F6DFE8}.Release|x64.Deploy.0 = Release|Any CPU
		{058010BE-CD5F-4AF1-97EA-DE0E51F6DFE8}.Release|x86.ActiveCfg = Release|Any CPU
		{058010BE-CD5F-4AF1-97EA-DE0E51F6DFE8}.Release|x86.Build.0 = Release|Any CPU
		{058010BE-CD5F-4AF1-97EA-DE0E51F6DFE8}.Release|x86.Deploy.0 = Release|Any CPU
		{D08B1252-F60D-40D8-A45C-B6F4E8B96AC0}.Ad-Hoc|Any CPU.ActiveCfg = Ad-Hoc|iPhone
		{D08B1252-F60D-40D8-A45C-B6F4E8B96AC0}.Ad-Hoc|Any CPU.Build.0 = Ad-Hoc|iPhone
		{D08B1252-F60D-40D8-A45C-B6F4E8B96AC0}.Ad-Hoc|Any CPU.Deploy.0 = Ad-Hoc|iPhone
		{D08B1252-F60D-40D8-A45C-B6F4E8B96AC0}.Ad-Hoc|ARM.ActiveCfg = Ad-Hoc|iPhone
		{D08B1252-F60D-40D8-A45C-B6F4E8B96AC0}.Ad-Hoc|ARM.Build.0 = Ad-Hoc|iPhone
		{D08B1252-F60D-40D8-A45C-B6F4E8B96AC0}.Ad-Hoc|ARM.Deploy.0 = Ad-Hoc|iPhone
		{D08B1252-F60D-40D8-A45C-B6F4E8B96AC0}.Ad-Hoc|iPhone.ActiveCfg = Ad-Hoc|iPhone
		{D08B1252-F60D-40D8-A45C-B6F4E8B96AC0}.Ad-Hoc|iPhone.Build.0 = Ad-Hoc|iPhone
		{D08B1252-F60D-40D8-A45C-B6F4E8B96AC0}.Ad-Hoc|iPhone.Deploy.0 = Ad-Hoc|iPhone
		{D08B1252-F60D-40D8-A45C-B6F4E8B96AC0}.Ad-Hoc|iPhoneSimulator.ActiveCfg = Ad-Hoc|iPhoneSimulator
		{D08B1252-F60D-40D8-A45C-B6F4E8B96AC0}.Ad-Hoc|iPhoneSimulator.Build.0 = Ad-Hoc|iPhoneSimulator
		{D08B1252-F60D-40D8-A45C-B6F4E8B96AC0}.Ad-Hoc|iPhoneSimulator.Deploy.0 = Ad-Hoc|iPhoneSimulator
		{D08B1252-F60D-40D8-A45C-B6F4E8B96AC0}.Ad-Hoc|x64.ActiveCfg = Ad-Hoc|iPhone
		{D08B1252-F60D-40D8-A45C-B6F4E8B96AC0}.Ad-Hoc|x64.Build.0 = Ad-Hoc|iPhone
		{D08B1252-F60D-40D8-A45C-B6F4E8B96AC0}.Ad-Hoc|x64.Deploy.0 = Ad-Hoc|iPhone
		{D08B1252-F60D-40D8-A45C-B6F4E8B96AC0}.Ad-Hoc|x86.ActiveCfg = Ad-Hoc|iPhone
		{D08B1252-F60D-40D8-A45C-B6F4E8B96AC0}.Ad-Hoc|x86.Build.0 = Ad-Hoc|iPhone
		{D08B1252-F60D-40D8-A45C-B6F4E8B96AC0}.Ad-Hoc|x86.Deploy.0 = Ad-Hoc|iPhone
		{D08B1252-F60D-40D8-A45C-B6F4E8B96AC0}.AppStore|Any CPU.ActiveCfg = AppStore|iPhone
		{D08B1252-F60D-40D8-A45C-B6F4E8B96AC0}.AppStore|Any CPU.Build.0 = AppStore|iPhone
		{D08B1252-F60D-40D8-A45C-B6F4E8B96AC0}.AppStore|Any CPU.Deploy.0 = AppStore|iPhone
		{D08B1252-F60D-40D8-A45C-B6F4E8B96AC0}.AppStore|ARM.ActiveCfg = AppStore|iPhone
		{D08B1252-F60D-40D8-A45C-B6F4E8B96AC0}.AppStore|ARM.Build.0 = AppStore|iPhone
		{D08B1252-F60D-40D8-A45C-B6F4E8B96AC0}.AppStore|ARM.Deploy.0 = AppStore|iPhone
		{D08B1252-F60D-40D8-A45C-B6F4E8B96AC0}.AppStore|iPhone.ActiveCfg = AppStore|iPhone
		{D08B1252-F60D-40D8-A45C-B6F4E8B96AC0}.AppStore|iPhone.Build.0 = AppStore|iPhone
		{D08B1252-F60D-40D8-A45C-B6F4E8B96AC0}.AppStore|iPhone.Deploy.0 = AppStore|iPhone
		{D08B1252-F60D-40D8-A45C-B6F4E8B96AC0}.AppStore|iPhoneSimulator.ActiveCfg = AppStore|iPhoneSimulator
		{D08B1252-F60D-40D8-A45C-B6F4E8B96AC0}.AppStore|iPhoneSimulator.Build.0 = AppStore|iPhoneSimulator
		{D08B1252-F60D-40D8-A45C-B6F4E8B96AC0}.AppStore|iPhoneSimulator.Deploy.0 = AppStore|iPhoneSimulator
		{D08B1252-F60D-40D8-A45C-B6F4E8B96AC0}.AppStore|x64.ActiveCfg = AppStore|iPhone
		{D08B1252-F60D-40D8-A45C-B6F4E8B96AC0}.AppStore|x64.Build.0 = AppStore|iPhone
		{D08B1252-F60D-40D8-A45C-B6F4E8B96AC0}.AppStore|x64.Deploy.0 = AppStore|iPhone
		{D08B1252-F60D-40D8-A45C-B6F4E8B96AC0}.AppStore|x86.ActiveCfg = AppStore|iPhone
		{D08B1252-F60D-40D8-A45C-B6F4E8B96AC0}.AppStore|x86.Build.0 = AppStore|iPhone
		{D08B1252-F60D-40D8-A45C-B6F4E8B96AC0}.AppStore|x86.Deploy.0 = AppStore|iPhone
		{D08B1252-F60D-40D8-A45C-B6F4E8B96AC0}.Debug|Any CPU.ActiveCfg = Debug|iPhoneSimulator
		{D08B1252-F60D-40D8-A45C-B6F4E8B96AC0}.Debug|Any CPU.Build.0 = Debug|iPhoneSimulator
		{D08B1252-F60D-40D8-A45C-B6F4E8B96AC0}.Debug|Any CPU.Deploy.0 = Debug|iPhoneSimulator
		{D08B1252-F60D-40D8-A45C-B6F4E8B96AC0}.Debug|ARM.ActiveCfg = Debug|iPhone
		{D08B1252-F60D-40D8-A45C-B6F4E8B96AC0}.Debug|ARM.Build.0 = Debug|iPhone
		{D08B1252-F60D-40D8-A45C-B6F4E8B96AC0}.Debug|ARM.Deploy.0 = Debug|iPhone
		{D08B1252-F60D-40D8-A45C-B6F4E8B96AC0}.Debug|iPhone.ActiveCfg = Debug|iPhone
		{D08B1252-F60D-40D8-A45C-B6F4E8B96AC0}.Debug|iPhone.Build.0 = Debug|iPhone
		{D08B1252-F60D-40D8-A45C-B6F4E8B96AC0}.Debug|iPhone.Deploy.0 = Debug|iPhone
		{D08B1252-F60D-40D8-A45C-B6F4E8B96AC0}.Debug|iPhoneSimulator.ActiveCfg = Debug|iPhoneSimulator
		{D08B1252-F60D-40D8-A45C-B6F4E8B96AC0}.Debug|iPhoneSimulator.Build.0 = Debug|iPhoneSimulator
		{D08B1252-F60D-40D8-A45C-B6F4E8B96AC0}.Debug|iPhoneSimulator.Deploy.0 = Debug|iPhoneSimulator
		{D08B1252-F60D-40D8-A45C-B6F4E8B96AC0}.Debug|x64.ActiveCfg = Debug|iPhone
		{D08B1252-F60D-40D8-A45C-B6F4E8B96AC0}.Debug|x64.Build.0 = Debug|iPhone
		{D08B1252-F60D-40D8-A45C-B6F4E8B96AC0}.Debug|x64.Deploy.0 = Debug|iPhone
		{D08B1252-F60D-40D8-A45C-B6F4E8B96AC0}.Debug|x86.ActiveCfg = Debug|iPhone
		{D08B1252-F60D-40D8-A45C-B6F4E8B96AC0}.Debug|x86.Build.0 = Debug|iPhone
		{D08B1252-F60D-40D8-A45C-B6F4E8B96AC0}.Debug|x86.Deploy.0 = Debug|iPhone
		{D08B1252-F60D-40D8-A45C-B6F4E8B96AC0}.Release|Any CPU.ActiveCfg = Release|iPhone
		{D08B1252-F60D-40D8-A45C-B6F4E8B96AC0}.Release|Any CPU.Build.0 = Release|iPhone
		{D08B1252-F60D-40D8-A45C-B6F4E8B96AC0}.Release|Any CPU.Deploy.0 = Release|iPhone
		{D08B1252-F60D-40D8-A45C-B6F4E8B96AC0}.Release|ARM.ActiveCfg = Release|iPhone
		{D08B1252-F60D-40D8-A45C-B6F4E8B96AC0}.Release|ARM.Build.0 = Release|iPhone
		{D08B1252-F60D-40D8-A45C-B6F4E8B96AC0}.Release|ARM.Deploy.0 = Release|iPhone
		{D08B1252-F60D-40D8-A45C-B6F4E8B96AC0}.Release|iPhone.ActiveCfg = Release|iPhone
		{D08B1252-F60D-40D8-A45C-B6F4E8B96AC0}.Release|iPhone.Build.0 = Release|iPhone
		{D08B1252-F60D-40D8-A45C-B6F4E8B96AC0}.Release|iPhone.Deploy.0 = Release|iPhone
		{D08B1252-F60D-40D8-A45C-B6F4E8B96AC0}.Release|iPhoneSimulator.ActiveCfg = Release|iPhoneSimulator
		{D08B1252-F60D-40D8-A45C-B6F4E8B96AC0}.Release|iPhoneSimulator.Build.0 = Release|iPhoneSimulator
		{D08B1252-F60D-40D8-A45C-B6F4E8B96AC0}.Release|iPhoneSimulator.Deploy.0 = Release|iPhoneSimulator
		{D08B1252-F60D-40D8-A45C-B6F4E8B96AC0}.Release|x64.ActiveCfg = Release|iPhone
		{D08B1252-F60D-40D8-A45C-B6F4E8B96AC0}.Release|x64.Build.0 = Release|iPhone
		{D08B1252-F60D-40D8-A45C-B6F4E8B96AC0}.Release|x64.Deploy.0 = Release|iPhone
		{D08B1252-F60D-40D8-A45C-B6F4E8B96AC0}.Release|x86.ActiveCfg = Release|iPhone
		{D08B1252-F60D-40D8-A45C-B6F4E8B96AC0}.Release|x86.Build.0 = Release|iPhone
		{D08B1252-F60D-40D8-A45C-B6F4E8B96AC0}.Release|x86.Deploy.0 = Release|iPhone
		{F2315EE4-D398-4C99-BF38-F9E6D252003A}.Ad-Hoc|Any CPU.ActiveCfg = Release|x86
		{F2315EE4-D398-4C99-BF38-F9E6D252003A}.Ad-Hoc|Any CPU.Build.0 = Release|x86
		{F2315EE4-D398-4C99-BF38-F9E6D252003A}.Ad-Hoc|Any CPU.Deploy.0 = Release|x86
		{F2315EE4-D398-4C99-BF38-F9E6D252003A}.Ad-Hoc|ARM.ActiveCfg = Release|ARM
		{F2315EE4-D398-4C99-BF38-F9E6D252003A}.Ad-Hoc|ARM.Build.0 = Release|ARM
		{F2315EE4-D398-4C99-BF38-F9E6D252003A}.Ad-Hoc|ARM.Deploy.0 = Release|ARM
		{F2315EE4-D398-4C99-BF38-F9E6D252003A}.Ad-Hoc|iPhone.ActiveCfg = Release|x86
		{F2315EE4-D398-4C99-BF38-F9E6D252003A}.Ad-Hoc|iPhone.Build.0 = Release|x86
		{F2315EE4-D398-4C99-BF38-F9E6D252003A}.Ad-Hoc|iPhone.Deploy.0 = Release|x86
		{F2315EE4-D398-4C99-BF38-F9E6D252003A}.Ad-Hoc|iPhoneSimulator.ActiveCfg = Release|x86
		{F2315EE4-D398-4C99-BF38-F9E6D252003A}.Ad-Hoc|iPhoneSimulator.Build.0 = Release|x86
		{F2315EE4-D398-4C99-BF38-F9E6D252003A}.Ad-Hoc|iPhoneSimulator.Deploy.0 = Release|x86
		{F2315EE4-D398-4C99-BF38-F9E6D252003A}.Ad-Hoc|x64.ActiveCfg = Release|x64
		{F2315EE4-D398-4C99-BF38-F9E6D252003A}.Ad-Hoc|x64.Build.0 = Release|x64
		{F2315EE4-D398-4C99-BF38-F9E6D252003A}.Ad-Hoc|x64.Deploy.0 = Release|x64
		{F2315EE4-D398-4C99-BF38-F9E6D252003A}.Ad-Hoc|x86.ActiveCfg = Release|x86
		{F2315EE4-D398-4C99-BF38-F9E6D252003A}.Ad-Hoc|x86.Build.0 = Release|x86
		{F2315EE4-D398-4C99-BF38-F9E6D252003A}.Ad-Hoc|x86.Deploy.0 = Release|x86
		{F2315EE4-D398-4C99-BF38-F9E6D252003A}.AppStore|Any CPU.ActiveCfg = Release|x86
		{F2315EE4-D398-4C99-BF38-F9E6D252003A}.AppStore|Any CPU.Build.0 = Release|x86
		{F2315EE4-D398-4C99-BF38-F9E6D252003A}.AppStore|Any CPU.Deploy.0 = Release|x86
		{F2315EE4-D398-4C99-BF38-F9E6D252003A}.AppStore|ARM.ActiveCfg = Release|ARM
		{F2315EE4-D398-4C99-BF38-F9E6D252003A}.AppStore|ARM.Build.0 = Release|ARM
		{F2315EE4-D398-4C99-BF38-F9E6D252003A}.AppStore|ARM.Deploy.0 = Release|ARM
		{F2315EE4-D398-4C99-BF38-F9E6D252003A}.AppStore|iPhone.ActiveCfg = Release|x86
		{F2315EE4-D398-4C99-BF38-F9E6D252003A}.AppStore|iPhone.Build.0 = Release|x86
		{F2315EE4-D398-4C99-BF38-F9E6D252003A}.AppStore|iPhone.Deploy.0 = Release|x86
		{F2315EE4-D398-4C99-BF38-F9E6D252003A}.AppStore|iPhoneSimulator.ActiveCfg = Release|x86
		{F2315EE4-D398-4C99-BF38-F9E6D252003A}.AppStore|iPhoneSimulator.Build.0 = Release|x86
		{F2315EE4-D398-4C99-BF38-F9E6D252003A}.AppStore|iPhoneSimulator.Deploy.0 = Release|x86
		{F2315EE4-D398-4C99-BF38-F9E6D252003A}.AppStore|x64.ActiveCfg = Release|x64
		{F2315EE4-D398-4C99-BF38-F9E6D252003A}.AppStore|x64.Build.0 = Release|x64
		{F2315EE4-D398-4C99-BF38-F9E6D252003A}.AppStore|x64.Deploy.0 = Release|x64
		{F2315EE4-D398-4C99-BF38-F9E6D252003A}.AppStore|x86.ActiveCfg = Release|x86
		{F2315EE4-D398-4C99-BF38-F9E6D252003A}.AppStore|x86.Build.0 = Release|x86
		{F2315EE4-D398-4C99-BF38-F9E6D252003A}.AppStore|x86.Deploy.0 = Release|x86
		{F2315EE4-D398-4C99-BF38-F9E6D252003A}.Debug|Any CPU.ActiveCfg = Debug|x86
		{F2315EE4-D398-4C99-BF38-F9E6D252003A}.Debug|Any CPU.Build.0 = Debug|x86
		{F2315EE4-D398-4C99-BF38-F9E6D252003A}.Debug|Any CPU.Deploy.0 = Debug|x86
		{F2315EE4-D398-4C99-BF38-F9E6D252003A}.Debug|ARM.ActiveCfg = Debug|ARM
		{F2315EE4-D398-4C99-BF38-F9E6D252003A}.Debug|ARM.Build.0 = Debug|ARM
		{F2315EE4-D398-4C99-BF38-F9E6D252003A}.Debug|ARM.Deploy.0 = Debug|ARM
		{F2315EE4-D398-4C99-BF38-F9E6D252003A}.Debug|iPhone.ActiveCfg = Debug|x86
		{F2315EE4-D398-4C99-BF38-F9E6D252003A}.Debug|iPhone.Build.0 = Debug|x86
		{F2315EE4-D398-4C99-BF38-F9E6D252003A}.Debug|iPhone.Deploy.0 = Debug|x86
		{F2315EE4-D398-4C99-BF38-F9E6D252003A}.Debug|iPhoneSimulator.ActiveCfg = Debug|x86
		{F2315EE4-D398-4C99-BF38-F9E6D252003A}.Debug|iPhoneSimulator.Build.0 = Debug|x86
		{F2315EE4-D398-4C99-BF38-F9E6D252003A}.Debug|iPhoneSimulator.Deploy.0 = Debug|x86
		{F2315EE4-D398-4C99-BF38-F9E6D252003A}.Debug|x64.ActiveCfg = Debug|x64
		{F2315EE4-D398-4C99-BF38-F9E6D252003A}.Debug|x64.Build.0 = Debug|x64
		{F2315EE4-D398-4C99-BF38-F9E6D252003A}.Debug|x64.Deploy.0 = Debug|x64
		{F2315EE4-D398-4C99-BF38-F9E6D252003A}.Debug|x86.ActiveCfg = Debug|x86
		{F2315EE4-D398-4C99-BF38-F9E6D252003A}.Debug|x86.Build.0 = Debug|x86
		{F2315EE4-D398-4C99-BF38-F9E6D252003A}.Debug|x86.Deploy.0 = Debug|x86
		{F2315EE4-D398-4C99-BF38-F9E6D252003A}.Release|Any CPU.ActiveCfg = Release|x86
		{F2315EE4-D398-4C99-BF38-F9E6D252003A}.Release|Any CPU.Build.0 = Release|x86
		{F2315EE4-D398-4C99-BF38-F9E6D252003A}.Release|Any CPU.Deploy.0 = Release|x86
		{F2315EE4-D398-4C99-BF38-F9E6D252003A}.Release|ARM.ActiveCfg = Release|ARM
		{F2315EE4-D398-4C99-BF38-F9E6D252003A}.Release|ARM.Build.0 = Release|ARM
		{F2315EE4-D398-4C99-BF38-F9E6D252003A}.Release|ARM.Deploy.0 = Release|ARM
		{F2315EE4-D398-4C99-BF38-F9E6D252003A}.Release|iPhone.ActiveCfg = Release|x86
		{F2315EE4-D398-4C99-BF38-F9E6D252003A}.Release|iPhone.Build.0 = Release|x86
		{F2315EE4-D398-4C99-BF38-F9E6D252003A}.Release|iPhone.Deploy.0 = Release|x86
		{F2315EE4-D398-4C99-BF38-F9E6D252003A}.Release|iPhoneSimulator.ActiveCfg = Release|x86
		{F2315EE4-D398-4C99-BF38-F9E6D252003A}.Release|iPhoneSimulator.Build.0 = Release|x86
		{F2315EE4-D398-4C99-BF38-F9E6D252003A}.Release|iPhoneSimulator.Deploy.0 = Release|x86
		{F2315EE4-D398-4C99-BF38-F9E6D252003A}.Release|x64.ActiveCfg = Release|x64
		{F2315EE4-D398-4C99-BF38-F9E6D252003A}.Release|x64.Build.0 = Release|x64
		{F2315EE4-D398-4C99-BF38-F9E6D252003A}.Release|x64.Deploy.0 = Release|x64
		{F2315EE4-D398-4C99-BF38-F9E6D252003A}.Release|x86.ActiveCfg = Release|x86
		{F2315EE4-D398-4C99-BF38-F9E6D252003A}.Release|x86.Build.0 = Release|x86
		{F2315EE4-D398-4C99-BF38-F9E6D252003A}.Release|x86.Deploy.0 = Release|x86
		{FD0FBD0C-3D54-42FA-9A7B-DD1798E3C644}.Ad-Hoc|Any CPU.ActiveCfg = Debug|Any CPU
		{FD0FBD0C-3D54-42FA-9A7B-DD1798E3C644}.Ad-Hoc|Any CPU.Build.0 = Debug|Any CPU
		{FD0FBD0C-3D54-42FA-9A7B-DD1798E3C644}.Ad-Hoc|Any CPU.Deploy.0 = Debug|Any CPU
		{FD0FBD0C-3D54-42FA-9A7B-DD1798E3C644}.Ad-Hoc|ARM.ActiveCfg = Debug|Any CPU
		{FD0FBD0C-3D54-42FA-9A7B-DD1798E3C644}.Ad-Hoc|ARM.Build.0 = Debug|Any CPU
		{FD0FBD0C-3D54-42FA-9A7B-DD1798E3C644}.Ad-Hoc|ARM.Deploy.0 = Debug|Any CPU
		{FD0FBD0C-3D54-42FA-9A7B-DD1798E3C644}.Ad-Hoc|iPhone.ActiveCfg = Debug|Any CPU
		{FD0FBD0C-3D54-42FA-9A7B-DD1798E3C644}.Ad-Hoc|iPhone.Build.0 = Debug|Any CPU
		{FD0FBD0C-3D54-42FA-9A7B-DD1798E3C644}.Ad-Hoc|iPhone.Deploy.0 = Debug|Any CPU
		{FD0FBD0C-3D54-42FA-9A7B-DD1798E3C644}.Ad-Hoc|iPhoneSimulator.ActiveCfg = Debug|Any CPU
		{FD0FBD0C-3D54-42FA-9A7B-DD1798E3C644}.Ad-Hoc|iPhoneSimulator.Build.0 = Debug|Any CPU
		{FD0FBD0C-3D54-42FA-9A7B-DD1798E3C644}.Ad-Hoc|iPhoneSimulator.Deploy.0 = Debug|Any CPU
		{FD0FBD0C-3D54-42FA-9A7B-DD1798E3C644}.Ad-Hoc|x64.ActiveCfg = Debug|Any CPU
		{FD0FBD0C-3D54-42FA-9A7B-DD1798E3C644}.Ad-Hoc|x64.Build.0 = Debug|Any CPU
		{FD0FBD0C-3D54-42FA-9A7B-DD1798E3C644}.Ad-Hoc|x64.Deploy.0 = Debug|Any CPU
		{FD0FBD0C-3D54-42FA-9A7B-DD1798E3C644}.Ad-Hoc|x86.ActiveCfg = Debug|Any CPU
		{FD0FBD0C-3D54-42FA-9A7B-DD1798E3C644}.Ad-Hoc|x86.Build.0 = Debug|Any CPU
		{FD0FBD0C-3D54-42FA-9A7B-DD1798E3C644}.Ad-Hoc|x86.Deploy.0 = Debug|Any CPU
		{FD0FBD0C-3D54-42FA-9A7B-DD1798E3C644}.AppStore|Any CPU.ActiveCfg = Debug|Any CPU
		{FD0FBD0C-3D54-42FA-9A7B-DD1798E3C644}.AppStore|Any CPU.Build.0 = Debug|Any CPU
		{FD0FBD0C-3D54-42FA-9A7B-DD1798E3C644}.AppStore|Any CPU.Deploy.0 = Debug|Any CPU
		{FD0FBD0C-3D54-42FA-9A7B-DD1798E3C644}.AppStore|ARM.ActiveCfg = Debug|Any CPU
		{FD0FBD0C-3D54-42FA-9A7B-DD1798E3C644}.AppStore|ARM.Build.0 = Debug|Any CPU
		{FD0FBD0C-3D54-42FA-9A7B-DD1798E3C644}.AppStore|ARM.Deploy.0 = Debug|Any CPU
		{FD0FBD0C-3D54-42FA-9A7B-DD1798E3C644}.AppStore|iPhone.ActiveCfg = Debug|Any CPU
		{FD0FBD0C-3D54-42FA-9A7B-DD1798E3C644}.AppStore|iPhone.Build.0 = Debug|Any CPU
		{FD0FBD0C-3D54-42FA-9A7B-DD1798E3C644}.AppStore|iPhone.Deploy.0 = Debug|Any CPU
		{FD0FBD0C-3D54-42FA-9A7B-DD1798E3C644}.AppStore|iPhoneSimulator.ActiveCfg = Debug|Any CPU
		{FD0FBD0C-3D54-42FA-9A7B-DD1798E3C644}.AppStore|iPhoneSimulator.Build.0 = Debug|Any CPU
		{FD0FBD0C-3D54-42FA-9A7B-DD1798E3C644}.AppStore|iPhoneSimulator.Deploy.0 = Debug|Any CPU
		{FD0FBD0C-3D54-42FA-9A7B-DD1798E3C644}.AppStore|x64.ActiveCfg = Debug|Any CPU
		{FD0FBD0C-3D54-42FA-9A7B-DD1798E3C644}.AppStore|x64.Build.0 = Debug|Any CPU
		{FD0FBD0C-3D54-42FA-9A7B-DD1798E3C644}.AppStore|x64.Deploy.0 = Debug|Any CPU
		{FD0FBD0C-3D54-42FA-9A7B-DD1798E3C644}.AppStore|x86.ActiveCfg = Debug|Any CPU
		{FD0FBD0C-3D54-42FA-9A7B-DD1798E3C644}.AppStore|x86.Build.0 = Debug|Any CPU
		{FD0FBD0C-3D54-42FA-9A7B-DD1798E3C644}.AppStore|x86.Deploy.0 = Debug|Any CPU
		{FD0FBD0C-3D54-42FA-9A7B-DD1798E3C644}.Debug|Any CPU.ActiveCfg = Debug|Any CPU
		{FD0FBD0C-3D54-42FA-9A7B-DD1798E3C644}.Debug|Any CPU.Build.0 = Debug|Any CPU
		{FD0FBD0C-3D54-42FA-9A7B-DD1798E3C644}.Debug|Any CPU.Deploy.0 = Debug|Any CPU
		{FD0FBD0C-3D54-42FA-9A7B-DD1798E3C644}.Debug|ARM.ActiveCfg = Debug|Any CPU
		{FD0FBD0C-3D54-42FA-9A7B-DD1798E3C644}.Debug|ARM.Build.0 = Debug|Any CPU
		{FD0FBD0C-3D54-42FA-9A7B-DD1798E3C644}.Debug|ARM.Deploy.0 = Debug|Any CPU
		{FD0FBD0C-3D54-42FA-9A7B-DD1798E3C644}.Debug|iPhone.ActiveCfg = Debug|Any CPU
		{FD0FBD0C-3D54-42FA-9A7B-DD1798E3C644}.Debug|iPhone.Build.0 = Debug|Any CPU
		{FD0FBD0C-3D54-42FA-9A7B-DD1798E3C644}.Debug|iPhone.Deploy.0 = Debug|Any CPU
		{FD0FBD0C-3D54-42FA-9A7B-DD1798E3C644}.Debug|iPhoneSimulator.ActiveCfg = Debug|Any CPU
		{FD0FBD0C-3D54-42FA-9A7B-DD1798E3C644}.Debug|iPhoneSimulator.Build.0 = Debug|Any CPU
		{FD0FBD0C-3D54-42FA-9A7B-DD1798E3C644}.Debug|iPhoneSimulator.Deploy.0 = Debug|Any CPU
		{FD0FBD0C-3D54-42FA-9A7B-DD1798E3C644}.Debug|x64.ActiveCfg = Debug|Any CPU
		{FD0FBD0C-3D54-42FA-9A7B-DD1798E3C644}.Debug|x64.Build.0 = Debug|Any CPU
		{FD0FBD0C-3D54-42FA-9A7B-DD1798E3C644}.Debug|x64.Deploy.0 = Debug|Any CPU
		{FD0FBD0C-3D54-42FA-9A7B-DD1798E3C644}.Debug|x86.ActiveCfg = Debug|Any CPU
		{FD0FBD0C-3D54-42FA-9A7B-DD1798E3C644}.Debug|x86.Build.0 = Debug|Any CPU
		{FD0FBD0C-3D54-42FA-9A7B-DD1798E3C644}.Debug|x86.Deploy.0 = Debug|Any CPU
		{FD0FBD0C-3D54-42FA-9A7B-DD1798E3C644}.Release|Any CPU.ActiveCfg = Release|Any CPU
		{FD0FBD0C-3D54-42FA-9A7B-DD1798E3C644}.Release|Any CPU.Build.0 = Release|Any CPU
		{FD0FBD0C-3D54-42FA-9A7B-DD1798E3C644}.Release|Any CPU.Deploy.0 = Release|Any CPU
		{FD0FBD0C-3D54-42FA-9A7B-DD1798E3C644}.Release|ARM.ActiveCfg = Release|Any CPU
		{FD0FBD0C-3D54-42FA-9A7B-DD1798E3C644}.Release|ARM.Build.0 = Release|Any CPU
		{FD0FBD0C-3D54-42FA-9A7B-DD1798E3C644}.Release|ARM.Deploy.0 = Release|Any CPU
		{FD0FBD0C-3D54-42FA-9A7B-DD1798E3C644}.Release|iPhone.ActiveCfg = Release|Any CPU
		{FD0FBD0C-3D54-42FA-9A7B-DD1798E3C644}.Release|iPhone.Build.0 = Release|Any CPU
		{FD0FBD0C-3D54-42FA-9A7B-DD1798E3C644}.Release|iPhone.Deploy.0 = Release|Any CPU
		{FD0FBD0C-3D54-42FA-9A7B-DD1798E3C644}.Release|iPhoneSimulator.ActiveCfg = Release|Any CPU
		{FD0FBD0C-3D54-42FA-9A7B-DD1798E3C644}.Release|iPhoneSimulator.Build.0 = Release|Any CPU
		{FD0FBD0C-3D54-42FA-9A7B-DD1798E3C644}.Release|iPhoneSimulator.Deploy.0 = Release|Any CPU
		{FD0FBD0C-3D54-42FA-9A7B-DD1798E3C644}.Release|x64.ActiveCfg = Release|Any CPU
		{FD0FBD0C-3D54-42FA-9A7B-DD1798E3C644}.Release|x64.Build.0 = Release|Any CPU
		{FD0FBD0C-3D54-42FA-9A7B-DD1798E3C644}.Release|x64.Deploy.0 = Release|Any CPU
		{FD0FBD0C-3D54-42FA-9A7B-DD1798E3C644}.Release|x86.ActiveCfg = Release|Any CPU
		{FD0FBD0C-3D54-42FA-9A7B-DD1798E3C644}.Release|x86.Build.0 = Release|Any CPU
		{FD0FBD0C-3D54-42FA-9A7B-DD1798E3C644}.Release|x86.Deploy.0 = Release|Any CPU
	EndGlobalSection
	GlobalSection(SolutionProperties) = preSolution
		HideSolutionNode = FALSE
	EndGlobalSection
	GlobalSection(ExtensibilityGlobals) = postSolution
		SolutionGuid = {28B1F5B7-B6BE-4BE9-A5DD-C21B97CEE7F8}
	EndGlobalSection
EndGlobal
